
Microsoft Visual Studio Solution File, Format Version 12.00
# Visual Studio 2013
VisualStudioVersion = 12.0.31101.0
MinimumVisualStudioVersion = 10.0.40219.1
Project("{FAE04EC0-301F-11D3-BF4B-00C04F79EFBC}") = "KoalaBlog.Web", "KoalaBlog.Web\KoalaBlog.Web.csproj", "{FDCD3B1E-D616-49CE-9F92-3DAE25409DC2}"
EndProject
Project("{2150E333-8FDC-42A3-9474-1A3956D46DE8}") = "Web", "Web", "{56032AAB-D87D-4D44-BD1B-B124020F9409}"
EndProject
Project("{2150E333-8FDC-42A3-9474-1A3956D46DE8}") = "Business", "Business", "{D3CEA69E-A665-4A41-A410-3EC5F52A9CC8}"
EndProject
Project("{FAE04EC0-301F-11D3-BF4B-00C04F79EFBC}") = "KoalaBlog.DAL", "KoalaBlog.DAL\KoalaBlog.DAL.csproj", "{37156EB8-2914-44BD-B3AB-A8D137AEE864}"
EndProject
Project("{FAE04EC0-301F-11D3-BF4B-00C04F79EFBC}") = "KoalaBlog.BLL", "KoalaBlog.BLL\KoalaBlog.BLL.csproj", "{87B9AE10-7EC7-41B5-B71E-C412221A5379}"
EndProject
Project("{FAE04EC0-301F-11D3-BF4B-00C04F79EFBC}") = "KoalaBlog.WebApi", "KoalaBlog.WebApi\KoalaBlog.WebApi.csproj", "{3B74BCD3-3BA4-4EF0-A27D-DC80466E3A19}"
EndProject
Project("{2150E333-8FDC-42A3-9474-1A3956D46DE8}") = "Host", "Host", "{1801B231-5728-4AA4-AFCC-760075B55C5E}"
EndProject
Project("{FAE04EC0-301F-11D3-BF4B-00C04F79EFBC}") = "KoalaBlog.WebApiHost", "KoalaBlog.WebApiHost\KoalaBlog.WebApiHost.csproj", "{20129577-C607-4D9F-A169-182E73AE16E8}"
EndProject
Project("{2150E333-8FDC-42A3-9474-1A3956D46DE8}") = "Common", "Common", "{7723E4C1-ED01-49C4-A3E2-E08261C287FF}"
EndProject
Project("{FAE04EC0-301F-11D3-BF4B-00C04F79EFBC}") = "KoalaBlog.Framework", "KoalaBlog.Framework\KoalaBlog.Framework.csproj", "{334483F8-CF0D-4F9E-96E0-20F2EA2AF5C9}"
EndProject
Project("{2150E333-8FDC-42A3-9474-1A3956D46DE8}") = "Contract", "Contract", "{656DCDCC-F4F9-4C20-9F36-594C92312318}"
EndProject
Project("{FAE04EC0-301F-11D3-BF4B-00C04F79EFBC}") = "KoalaBlog.Entity", "KoalaBlog.Entity\KoalaBlog.Entity.csproj", "{397A253A-2F93-4F59-B4E0-9F72F1427C8D}"
EndProject
Project("{FAE04EC0-301F-11D3-BF4B-00C04F79EFBC}") = "KoalaBlog.WebApi.Core", "KoalaBlog.WebApi.Core\KoalaBlog.WebApi.Core.csproj", "{C72A4995-6983-4B60-9455-BF710CE0309E}"
EndProject
Project("{2150E333-8FDC-42A3-9474-1A3956D46DE8}") = "Test", "Test", "{E530E122-000C-45FC-8BDC-F5F10E3178FA}"
EndProject
Project("{FAE04EC0-301F-11D3-BF4B-00C04F79EFBC}") = "KoalaBlog.BLL.Test", "KoalaBlog.BLL.Test\KoalaBlog.BLL.Test.csproj", "{A5F8CE08-3C74-4CB5-B4F3-5D8B95BAE6E4}"
EndProject
Project("{FAE04EC0-301F-11D3-BF4B-00C04F79EFBC}") = "KoalaBlog.Principal", "KoalaBlog.Principal\KoalaBlog.Principal.csproj", "{52684C26-C018-4E8A-8F9D-1A5FC0A80A43}"
EndProject
Project("{2150E333-8FDC-42A3-9474-1A3956D46DE8}") = "Security", "Security", "{55CA754A-2ECB-4443-A07E-2CA74C5ECCE9}"
EndProject
Project("{FAE04EC0-301F-11D3-BF4B-00C04F79EFBC}") = "KoalaBlog.Security", "KoalaBlog.Security\KoalaBlog.Security.csproj", "{3A1CD6BB-DF1D-4A80-A645-B2557084F18E}"
EndProject
Project("{FAE04EC0-301F-11D3-BF4B-00C04F79EFBC}") = "KoalaBlog.ApiClient", "KoalaBlog.ApiClient\KoalaBlog.ApiClient.csproj", "{EEF7518E-2E30-43C9-9935-427EE524F114}"
EndProject
Project("{FAE04EC0-301F-11D3-BF4B-00C04F79EFBC}") = "KoalaBlog.DTOs", "KoalaBlog.DTOs\KoalaBlog.DTOs.csproj", "{A429ED05-78C8-43A7-97FB-4DBA07F28657}"
EndProject
Project("{FAE04EC0-301F-11D3-BF4B-00C04F79EFBC}") = "KoalaBlog.WebModels", "KoalaBlog.WebModels\KoalaBlog.WebModels.csproj", "{55B3D963-55FF-4E2E-9B0E-BCA30BC904A5}"
EndProject
Global
	GlobalSection(SolutionConfigurationPlatforms) = preSolution
		Debug|Any CPU = Debug|Any CPU
		Release|Any CPU = Release|Any CPU
	EndGlobalSection
	GlobalSection(ProjectConfigurationPlatforms) = postSolution
		{FDCD3B1E-D616-49CE-9F92-3DAE25409DC2}.Debug|Any CPU.ActiveCfg = Debug|Any CPU
		{FDCD3B1E-D616-49CE-9F92-3DAE25409DC2}.Debug|Any CPU.Build.0 = Debug|Any CPU
		{FDCD3B1E-D616-49CE-9F92-3DAE25409DC2}.Release|Any CPU.ActiveCfg = Release|Any CPU
		{FDCD3B1E-D616-49CE-9F92-3DAE25409DC2}.Release|Any CPU.Build.0 = Release|Any CPU
		{37156EB8-2914-44BD-B3AB-A8D137AEE864}.Debug|Any CPU.ActiveCfg = Debug|Any CPU
		{37156EB8-2914-44BD-B3AB-A8D137AEE864}.Debug|Any CPU.Build.0 = Debug|Any CPU
		{37156EB8-2914-44BD-B3AB-A8D137AEE864}.Release|Any CPU.ActiveCfg = Release|Any CPU
		{37156EB8-2914-44BD-B3AB-A8D137AEE864}.Release|Any CPU.Build.0 = Release|Any CPU
		{87B9AE10-7EC7-41B5-B71E-C412221A5379}.Debug|Any CPU.ActiveCfg = Debug|Any CPU
		{87B9AE10-7EC7-41B5-B71E-C412221A5379}.Debug|Any CPU.Build.0 = Debug|Any CPU
		{87B9AE10-7EC7-41B5-B71E-C412221A5379}.Release|Any CPU.ActiveCfg = Release|Any CPU
		{87B9AE10-7EC7-41B5-B71E-C412221A5379}.Release|Any CPU.Build.0 = Release|Any CPU
		{3B74BCD3-3BA4-4EF0-A27D-DC80466E3A19}.Debug|Any CPU.ActiveCfg = Debug|Any CPU
		{3B74BCD3-3BA4-4EF0-A27D-DC80466E3A19}.Debug|Any CPU.Build.0 = Debug|Any CPU
		{3B74BCD3-3BA4-4EF0-A27D-DC80466E3A19}.Release|Any CPU.ActiveCfg = Release|Any CPU
		{3B74BCD3-3BA4-4EF0-A27D-DC80466E3A19}.Release|Any CPU.Build.0 = Release|Any CPU
		{20129577-C607-4D9F-A169-182E73AE16E8}.Debug|Any CPU.ActiveCfg = Debug|Any CPU
		{20129577-C607-4D9F-A169-182E73AE16E8}.Debug|Any CPU.Build.0 = Debug|Any CPU
		{20129577-C607-4D9F-A169-182E73AE16E8}.Release|Any CPU.ActiveCfg = Release|Any CPU
		{20129577-C607-4D9F-A169-182E73AE16E8}.Release|Any CPU.Build.0 = Release|Any CPU
		{334483F8-CF0D-4F9E-96E0-20F2EA2AF5C9}.Debug|Any CPU.ActiveCfg = Debug|Any CPU
		{334483F8-CF0D-4F9E-96E0-20F2EA2AF5C9}.Debug|Any CPU.Build.0 = Debug|Any CPU
		{334483F8-CF0D-4F9E-96E0-20F2EA2AF5C9}.Release|Any CPU.ActiveCfg = Release|Any CPU
		{334483F8-CF0D-4F9E-96E0-20F2EA2AF5C9}.Release|Any CPU.Build.0 = Release|Any CPU
		{397A253A-2F93-4F59-B4E0-9F72F1427C8D}.Debug|Any CPU.ActiveCfg = Debug|Any CPU
		{397A253A-2F93-4F59-B4E0-9F72F1427C8D}.Debug|Any CPU.Build.0 = Debug|Any CPU
		{397A253A-2F93-4F59-B4E0-9F72F1427C8D}.Release|Any CPU.ActiveCfg = Release|Any CPU
		{397A253A-2F93-4F59-B4E0-9F72F1427C8D}.Release|Any CPU.Build.0 = Release|Any CPU
		{C72A4995-6983-4B60-9455-BF710CE0309E}.Debug|Any CPU.ActiveCfg = Debug|Any CPU
		{C72A4995-6983-4B60-9455-BF710CE0309E}.Debug|Any CPU.Build.0 = Debug|Any CPU
		{C72A4995-6983-4B60-9455-BF710CE0309E}.Release|Any CPU.ActiveCfg = Release|Any CPU
		{C72A4995-6983-4B60-9455-BF710CE0309E}.Release|Any CPU.Build.0 = Release|Any CPU
		{A5F8CE08-3C74-4CB5-B4F3-5D8B95BAE6E4}.Debug|Any CPU.ActiveCfg = Debug|Any CPU
		{A5F8CE08-3C74-4CB5-B4F3-5D8B95BAE6E4}.Debug|Any CPU.Build.0 = Debug|Any CPU
		{A5F8CE08-3C74-4CB5-B4F3-5D8B95BAE6E4}.Release|Any CPU.ActiveCfg = Release|Any CPU
		{A5F8CE08-3C74-4CB5-B4F3-5D8B95BAE6E4}.Release|Any CPU.Build.0 = Release|Any CPU
		{52684C26-C018-4E8A-8F9D-1A5FC0A80A43}.Debug|Any CPU.ActiveCfg = Debug|Any CPU
		{52684C26-C018-4E8A-8F9D-1A5FC0A80A43}.Debug|Any CPU.Build.0 = Debug|Any CPU
		{52684C26-C018-4E8A-8F9D-1A5FC0A80A43}.Release|Any CPU.ActiveCfg = Release|Any CPU
		{52684C26-C018-4E8A-8F9D-1A5FC0A80A43}.Release|Any CPU.Build.0 = Release|Any CPU
		{3A1CD6BB-DF1D-4A80-A645-B2557084F18E}.Debug|Any CPU.ActiveCfg = Debug|Any CPU
		{3A1CD6BB-DF1D-4A80-A645-B2557084F18E}.Debug|Any CPU.Build.0 = Debug|Any CPU
		{3A1CD6BB-DF1D-4A80-A645-B2557084F18E}.Release|Any CPU.ActiveCfg = Release|Any CPU
		{3A1CD6BB-DF1D-4A80-A645-B2557084F18E}.Release|Any CPU.Build.0 = Release|Any CPU
		{EEF7518E-2E30-43C9-9935-427EE524F114}.Debug|Any CPU.ActiveCfg = Debug|Any CPU
		{EEF7518E-2E30-43C9-9935-427EE524F114}.Debug|Any CPU.Build.0 = Debug|Any CPU
		{EEF7518E-2E30-43C9-9935-427EE524F114}.Release|Any CPU.ActiveCfg = Release|Any CPU
		{EEF7518E-2E30-43C9-9935-427EE524F114}.Release|Any CPU.Build.0 = Release|Any CPU
		{A429ED05-78C8-43A7-97FB-4DBA07F28657}.Debug|Any CPU.ActiveCfg = Debug|Any CPU
		{A429ED05-78C8-43A7-97FB-4DBA07F28657}.Debug|Any CPU.Build.0 = Debug|Any CPU
		{A429ED05-78C8-43A7-97FB-4DBA07F28657}.Release|Any CPU.ActiveCfg = Release|Any CPU
		{A429ED05-78C8-43A7-97FB-4DBA07F28657}.Release|Any CPU.Build.0 = Release|Any CPU
		{55B3D963-55FF-4E2E-9B0E-BCA30BC904A5}.Debug|Any CPU.ActiveCfg = Debug|Any CPU
		{55B3D963-55FF-4E2E-9B0E-BCA30BC904A5}.Debug|Any CPU.Build.0 = Debug|Any CPU
		{55B3D963-55FF-4E2E-9B0E-BCA30BC904A5}.Release|Any CPU.ActiveCfg = Release|Any CPU
		{55B3D963-55FF-4E2E-9B0E-BCA30BC904A5}.Release|Any CPU.Build.0 = Release|Any CPU
	EndGlobalSection
	GlobalSection(SolutionProperties) = preSolution
		HideSolutionNode = FALSE
	EndGlobalSection
	GlobalSection(NestedProjects) = preSolution
		{FDCD3B1E-D616-49CE-9F92-3DAE25409DC2} = {56032AAB-D87D-4D44-BD1B-B124020F9409}
		{37156EB8-2914-44BD-B3AB-A8D137AEE864} = {D3CEA69E-A665-4A41-A410-3EC5F52A9CC8}
		{87B9AE10-7EC7-41B5-B71E-C412221A5379} = {D3CEA69E-A665-4A41-A410-3EC5F52A9CC8}
		{3B74BCD3-3BA4-4EF0-A27D-DC80466E3A19} = {D3CEA69E-A665-4A41-A410-3EC5F52A9CC8}
		{20129577-C607-4D9F-A169-182E73AE16E8} = {1801B231-5728-4AA4-AFCC-760075B55C5E}
		{334483F8-CF0D-4F9E-96E0-20F2EA2AF5C9} = {7723E4C1-ED01-49C4-A3E2-E08261C287FF}
		{397A253A-2F93-4F59-B4E0-9F72F1427C8D} = {656DCDCC-F4F9-4C20-9F36-594C92312318}
		{C72A4995-6983-4B60-9455-BF710CE0309E} = {D3CEA69E-A665-4A41-A410-3EC5F52A9CC8}
		{A5F8CE08-3C74-4CB5-B4F3-5D8B95BAE6E4} = {E530E122-000C-45FC-8BDC-F5F10E3178FA}
		{52684C26-C018-4E8A-8F9D-1A5FC0A80A43} = {55CA754A-2ECB-4443-A07E-2CA74C5ECCE9}
		{3A1CD6BB-DF1D-4A80-A645-B2557084F18E} = {55CA754A-2ECB-4443-A07E-2CA74C5ECCE9}
		{EEF7518E-2E30-43C9-9935-427EE524F114} = {56032AAB-D87D-4D44-BD1B-B124020F9409}
		{A429ED05-78C8-43A7-97FB-4DBA07F28657} = {656DCDCC-F4F9-4C20-9F36-594C92312318}
		{55B3D963-55FF-4E2E-9B0E-BCA30BC904A5} = {656DCDCC-F4F9-4C20-9F36-594C92312318}
	EndGlobalSection
EndGlobal
